
Microsoft Visual Studio Solution File, Format Version 12.00
# Visual Studio Version 17
VisualStudioVersion = 17.2.32602.215
MinimumVisualStudioVersion = 10.0.40219.1
Project("{FAE04EC0-301F-11D3-BF4B-00C04F79EFBC}") = "CityLauncher", "CityLauncher.csproj", "{E97366E6-7066-4ECF-A16B-5342F5F33B31}"
EndProject
Global
	GlobalSection(SolutionConfigurationPlatforms) = preSolution
		Debug|Any CPU = Debug|Any CPU
		Release|Any CPU = Release|Any CPU
	EndGlobalSection
	GlobalSection(ProjectConfigurationPlatforms) = postSolution
		{E97366E6-7066-4ECF-A16B-5342F5F33B31}.Debug|Any CPU.ActiveCfg = Debug|Any CPU
		{E97366E6-7066-4ECF-A16B-5342F5F33B31}.Debug|Any CPU.Build.0 = Debug|Any CPU
		{E97366E6-7066-4ECF-A16B-5342F5F33B31}.Release|Any CPU.ActiveCfg = Release|Any CPU
		{E97366E6-7066-4ECF-A16B-5342F5F33B31}.Release|Any CPU.Build.0 = Release|Any CPU
	EndGlobalSection
	GlobalSection(SolutionProperties) = preSolution
		HideSolutionNode = FALSE
	EndGlobalSection
	GlobalSection(ExtensibilityGlobals) = postSolution
		SolutionGuid = {CF7F5CB4-F2FD-4623-897D-2AF12189A783}
	EndGlobalSection
EndGlobal
